
Microsoft Visual Studio Solution File, Format Version 12.00
# Visual Studio Version 16
VisualStudioVersion = 16.0.30204.135
MinimumVisualStudioVersion = 10.0.40219.1
Project("{FAE04EC0-301F-11D3-BF4B-00C04F79EFBC}") = "Events.API", "Events.API\Events.API.csproj", "{A3D6A253-7D34-40A5-A4DC-2A7969502010}"
EndProject
Project("{FAE04EC0-301F-11D3-BF4B-00C04F79EFBC}") = "Events.API.Tests", "Events.API.Tests\Events.API.Tests.csproj", "{72721A43-13B1-4561-9A2A-99C9E1D57F61}"
EndProject
Global
	GlobalSection(SolutionConfigurationPlatforms) = preSolution
		Debug|Any CPU = Debug|Any CPU
		Release|Any CPU = Release|Any CPU
	EndGlobalSection
	GlobalSection(ProjectConfigurationPlatforms) = postSolution
		{A3D6A253-7D34-40A5-A4DC-2A7969502010}.Debug|Any CPU.ActiveCfg = Debug|Any CPU
		{A3D6A253-7D34-40A5-A4DC-2A7969502010}.Debug|Any CPU.Build.0 = Debug|Any CPU
		{A3D6A253-7D34-40A5-A4DC-2A7969502010}.Release|Any CPU.ActiveCfg = Release|Any CPU
		{A3D6A253-7D34-40A5-A4DC-2A7969502010}.Release|Any CPU.Build.0 = Release|Any CPU
		{72721A43-13B1-4561-9A2A-99C9E1D57F61}.Debug|Any CPU.ActiveCfg = Debug|Any CPU
		{72721A43-13B1-4561-9A2A-99C9E1D57F61}.Debug|Any CPU.Build.0 = Debug|Any CPU
		{72721A43-13B1-4561-9A2A-99C9E1D57F61}.Release|Any CPU.ActiveCfg = Release|Any CPU
		{72721A43-13B1-4561-9A2A-99C9E1D57F61}.Release|Any CPU.Build.0 = Release|Any CPU
	EndGlobalSection
	GlobalSection(SolutionProperties) = preSolution
		HideSolutionNode = FALSE
	EndGlobalSection
	GlobalSection(ExtensibilityGlobals) = postSolution
		SolutionGuid = {D50FFBCD-DDCA-4B07-AC3A-8139C2FF2E0E}
	EndGlobalSection
EndGlobal
